
Microsoft Visual Studio Solution File, Format Version 12.00
# Visual Studio Version 17
VisualStudioVersion = 17.1.32328.378
MinimumVisualStudioVersion = 10.0.40219.1
Project("{8BC9CEB8-8B4A-11D0-8D11-00A0C91BC942}") = "ex1", "ex1\ex1.vcxproj", "{40FE37CB-7F9E-4B13-A9BB-85FD2ACC0D60}"
EndProject
Project("{8BC9CEB8-8B4A-11D0-8D11-00A0C91BC942}") = "ex2", "ex2\ex2.vcxproj", "{A9014124-7789-4130-8F30-A483A2F4E2E6}"
EndProject
Global
	GlobalSection(SolutionConfigurationPlatforms) = preSolution
		Debug|x64 = Debug|x64
		Debug|x86 = Debug|x86
		Release|x64 = Release|x64
		Release|x86 = Release|x86
	EndGlobalSection
	GlobalSection(ProjectConfigurationPlatforms) = postSolution
		{40FE37CB-7F9E-4B13-A9BB-85FD2ACC0D60}.Debug|x64.ActiveCfg = Debug|x64
		{40FE37CB-7F9E-4B13-A9BB-85FD2ACC0D60}.Debug|x64.Build.0 = Debug|x64
		{40FE37CB-7F9E-4B13-A9BB-85FD2ACC0D60}.Debug|x86.ActiveCfg = Debug|Win32
		{40FE37CB-7F9E-4B13-A9BB-85FD2ACC0D60}.Debug|x86.Build.0 = Debug|Win32
		{40FE37CB-7F9E-4B13-A9BB-85FD2ACC0D60}.Release|x64.ActiveCfg = Release|x64
		{40FE37CB-7F9E-4B13-A9BB-85FD2ACC0D60}.Release|x64.Build.0 = Release|x64
		{40FE37CB-7F9E-4B13-A9BB-85FD2ACC0D60}.Release|x86.ActiveCfg = Release|Win32
		{40FE37CB-7F9E-4B13-A9BB-85FD2ACC0D60}.Release|x86.Build.0 = Release|Win32
		{A9014124-7789-4130-8F30-A483A2F4E2E6}.Debug|x64.ActiveCfg = Debug|x64
		{A9014124-7789-4130-8F30-A483A2F4E2E6}.Debug|x64.Build.0 = Debug|x64
		{A9014124-7789-4130-8F30-A483A2F4E2E6}.Debug|x86.ActiveCfg = Debug|Win32
		{A9014124-7789-4130-8F30-A483A2F4E2E6}.Debug|x86.Build.0 = Debug|Win32
		{A9014124-7789-4130-8F30-A483A2F4E2E6}.Release|x64.ActiveCfg = Release|x64
		{A9014124-7789-4130-8F30-A483A2F4E2E6}.Release|x64.Build.0 = Release|x64
		{A9014124-7789-4130-8F30-A483A2F4E2E6}.Release|x86.ActiveCfg = Release|Win32
		{A9014124-7789-4130-8F30-A483A2F4E2E6}.Release|x86.Build.0 = Release|Win32
	EndGlobalSection
	GlobalSection(SolutionProperties) = preSolution
		HideSolutionNode = FALSE
	EndGlobalSection
	GlobalSection(ExtensibilityGlobals) = postSolution
		SolutionGuid = {5D6F6868-345A-4CEC-90D7-852718574263}
	EndGlobalSection
EndGlobal
